// !$*UTF8*$!
{
	archiveVersion = 1;
	classes = {
	};
	objectVersion = 51;
	objects = {

/* Begin PBXBuildFile section */
		527A77E8902D75EFCC882A0D /* Pods_Parstagram_ParstagramUITests.framework in Frameworks */ = {isa = PBXBuildFile; fileRef = 6B42AFB0F4155F4EFB7DE8AD /* Pods_Parstagram_ParstagramUITests.framework */; };
		75455B37F6B0B1C4AE74E92B /* Pods_ParstagramTests.framework in Frameworks */ = {isa = PBXBuildFile; fileRef = B91FE8B612382DDAC79A677F /* Pods_ParstagramTests.framework */; };
		87FCA21944D26A2C509B96D3 /* Pods_Parstagram.framework in Frameworks */ = {isa = PBXBuildFile; fileRef = 5C94C5A5B568C9C0DF06284C /* Pods_Parstagram.framework */; };
		A5557BDD26055E78008F9504 /* LoginViewController.swift in Sources */ = {isa = PBXBuildFile; fileRef = A5557BDC26055E78008F9504 /* LoginViewController.swift */; };
		A5557BE226055E85008F9504 /* FeedViewController.swift in Sources */ = {isa = PBXBuildFile; fileRef = A5557BE126055E85008F9504 /* FeedViewController.swift */; };
		A5557BE72605659B008F9504 /* CameraViewController.swift in Sources */ = {isa = PBXBuildFile; fileRef = A5557BE62605659B008F9504 /* CameraViewController.swift */; };
		A55DBE7E2605742400E254F2 /* PostCell.swift in Sources */ = {isa = PBXBuildFile; fileRef = A55DBE7D2605742400E254F2 /* PostCell.swift */; };
		A572F681260F86D5009CEFD0 /* CommentCell.swift in Sources */ = {isa = PBXBuildFile; fileRef = A572F680260F86D5009CEFD0 /* CommentCell.swift */; };
		A5775BEC26054AA200BE5451 /* AppDelegate.swift in Sources */ = {isa = PBXBuildFile; fileRef = A5775BEB26054AA200BE5451 /* AppDelegate.swift */; };
		A5775BEE26054AA200BE5451 /* SceneDelegate.swift in Sources */ = {isa = PBXBuildFile; fileRef = A5775BED26054AA200BE5451 /* SceneDelegate.swift */; };
		A5775BF326054AA200BE5451 /* Main.storyboard in Resources */ = {isa = PBXBuildFile; fileRef = A5775BF126054AA200BE5451 /* Main.storyboard */; };
		A5775BF526054AA400BE5451 /* Assets.xcassets in Resources */ = {isa = PBXBuildFile; fileRef = A5775BF426054AA400BE5451 /* Assets.xcassets */; };
		A5775BF826054AA400BE5451 /* LaunchScreen.storyboard in Resources */ = {isa = PBXBuildFile; fileRef = A5775BF626054AA400BE5451 /* LaunchScreen.storyboard */; };
		A5775C0326054AA400BE5451 /* ParstagramTests.swift in Sources */ = {isa = PBXBuildFile; fileRef = A5775C0226054AA400BE5451 /* ParstagramTests.swift */; };
		A5775C0E26054AA400BE5451 /* ParstagramUITests.swift in Sources */ = {isa = PBXBuildFile; fileRef = A5775C0D26054AA400BE5451 /* ParstagramUITests.swift */; };
/* End PBXBuildFile section */

/* Begin PBXContainerItemProxy section */
		A5775BFF26054AA400BE5451 /* PBXContainerItemProxy */ = {
			isa = PBXContainerItemProxy;
			containerPortal = A5775BE026054AA200BE5451 /* Project object */;
			proxyType = 1;
			remoteGlobalIDString = A5775BE726054AA200BE5451;
			remoteInfo = Parstagram;
		};
		A5775C0A26054AA400BE5451 /* PBXContainerItemProxy */ = {
			isa = PBXContainerItemProxy;
			containerPortal = A5775BE026054AA200BE5451 /* Project object */;
			proxyType = 1;
			remoteGlobalIDString = A5775BE726054AA200BE5451;
			remoteInfo = Parstagram;
		};
/* End PBXContainerItemProxy section */

/* Begin PBXFileReference section */
		15B3724BBA2FB9CD34CFF3D3 /* Pods-ParstagramTests.release.xcconfig */ = {isa = PBXFileReference; includeInIndex = 1; lastKnownFileType = text.xcconfig; name = "Pods-ParstagramTests.release.xcconfig"; path = "Target Support Files/Pods-ParstagramTests/Pods-ParstagramTests.release.xcconfig"; sourceTree = "<group>"; };
		1DE30C61414F05EA9079518F /* Pods-Parstagram.release.xcconfig */ = {isa = PBXFileReference; includeInIndex = 1; lastKnownFileType = text.xcconfig; name = "Pods-Parstagram.release.xcconfig"; path = "Target Support Files/Pods-Parstagram/Pods-Parstagram.release.xcconfig"; sourceTree = "<group>"; };
		5C94C5A5B568C9C0DF06284C /* Pods_Parstagram.framework */ = {isa = PBXFileReference; explicitFileType = wrapper.framework; includeInIndex = 0; path = Pods_Parstagram.framework; sourceTree = BUILT_PRODUCTS_DIR; };
		6B42AFB0F4155F4EFB7DE8AD /* Pods_Parstagram_ParstagramUITests.framework */ = {isa = PBXFileReference; explicitFileType = wrapper.framework; includeInIndex = 0; path = Pods_Parstagram_ParstagramUITests.framework; sourceTree = BUILT_PRODUCTS_DIR; };
		8F992CA35370AD8FE22DA35A /* Pods-Parstagram-ParstagramUITests.release.xcconfig */ = {isa = PBXFileReference; includeInIndex = 1; lastKnownFileType = text.xcconfig; name = "Pods-Parstagram-ParstagramUITests.release.xcconfig"; path = "Target Support Files/Pods-Parstagram-ParstagramUITests/Pods-Parstagram-ParstagramUITests.release.xcconfig"; sourceTree = "<group>"; };
		A5557BDC26055E78008F9504 /* LoginViewController.swift */ = {isa = PBXFileReference; lastKnownFileType = sourcecode.swift; path = LoginViewController.swift; sourceTree = "<group>"; };
		A5557BE126055E85008F9504 /* FeedViewController.swift */ = {isa = PBXFileReference; lastKnownFileType = sourcecode.swift; path = FeedViewController.swift; sourceTree = "<group>"; };
		A5557BE62605659B008F9504 /* CameraViewController.swift */ = {isa = PBXFileReference; lastKnownFileType = sourcecode.swift; path = CameraViewController.swift; sourceTree = "<group>"; };
		A55DBE7D2605742400E254F2 /* PostCell.swift */ = {isa = PBXFileReference; lastKnownFileType = sourcecode.swift; path = PostCell.swift; sourceTree = "<group>"; };
		A572F680260F86D5009CEFD0 /* CommentCell.swift */ = {isa = PBXFileReference; lastKnownFileType = sourcecode.swift; path = CommentCell.swift; sourceTree = "<group>"; };
		A5775BE826054AA200BE5451 /* Parstagram.app */ = {isa = PBXFileReference; explicitFileType = wrapper.application; includeInIndex = 0; path = Parstagram.app; sourceTree = BUILT_PRODUCTS_DIR; };
		A5775BEB26054AA200BE5451 /* AppDelegate.swift */ = {isa = PBXFileReference; lastKnownFileType = sourcecode.swift; path = AppDelegate.swift; sourceTree = "<group>"; };
		A5775BED26054AA200BE5451 /* SceneDelegate.swift */ = {isa = PBXFileReference; lastKnownFileType = sourcecode.swift; path = SceneDelegate.swift; sourceTree = "<group>"; };
		A5775BF226054AA200BE5451 /* Base */ = {isa = PBXFileReference; lastKnownFileType = file.storyboard; name = Base; path = Base.lproj/Main.storyboard; sourceTree = "<group>"; };
		A5775BF426054AA400BE5451 /* Assets.xcassets */ = {isa = PBXFileReference; lastKnownFileType = folder.assetcatalog; path = Assets.xcassets; sourceTree = "<group>"; };
		A5775BF726054AA400BE5451 /* Base */ = {isa = PBXFileReference; lastKnownFileType = file.storyboard; name = Base; path = Base.lproj/LaunchScreen.storyboard; sourceTree = "<group>"; };
		A5775BF926054AA400BE5451 /* Info.plist */ = {isa = PBXFileReference; lastKnownFileType = text.plist.xml; path = Info.plist; sourceTree = "<group>"; };
		A5775BFE26054AA400BE5451 /* ParstagramTests.xctest */ = {isa = PBXFileReference; explicitFileType = wrapper.cfbundle; includeInIndex = 0; path = ParstagramTests.xctest; sourceTree = BUILT_PRODUCTS_DIR; };
		A5775C0226054AA400BE5451 /* ParstagramTests.swift */ = {isa = PBXFileReference; lastKnownFileType = sourcecode.swift; path = ParstagramTests.swift; sourceTree = "<group>"; };
		A5775C0426054AA400BE5451 /* Info.plist */ = {isa = PBXFileReference; lastKnownFileType = text.plist.xml; path = Info.plist; sourceTree = "<group>"; };
		A5775C0926054AA400BE5451 /* ParstagramUITests.xctest */ = {isa = PBXFileReference; explicitFileType = wrapper.cfbundle; includeInIndex = 0; path = ParstagramUITests.xctest; sourceTree = BUILT_PRODUCTS_DIR; };
		A5775C0D26054AA400BE5451 /* ParstagramUITests.swift */ = {isa = PBXFileReference; lastKnownFileType = sourcecode.swift; path = ParstagramUITests.swift; sourceTree = "<group>"; };
		A5775C0F26054AA400BE5451 /* Info.plist */ = {isa = PBXFileReference; lastKnownFileType = text.plist.xml; path = Info.plist; sourceTree = "<group>"; };
		ABF2AB8495C6CBE55658DD55 /* Pods-ParstagramTests.debug.xcconfig */ = {isa = PBXFileReference; includeInIndex = 1; lastKnownFileType = text.xcconfig; name = "Pods-ParstagramTests.debug.xcconfig"; path = "Target Support Files/Pods-ParstagramTests/Pods-ParstagramTests.debug.xcconfig"; sourceTree = "<group>"; };
		B91FE8B612382DDAC79A677F /* Pods_ParstagramTests.framework */ = {isa = PBXFileReference; explicitFileType = wrapper.framework; includeInIndex = 0; path = Pods_ParstagramTests.framework; sourceTree = BUILT_PRODUCTS_DIR; };
		E6960A248F3AEFE271CE2ABF /* Pods-Parstagram.debug.xcconfig */ = {isa = PBXFileReference; includeInIndex = 1; lastKnownFileType = text.xcconfig; name = "Pods-Parstagram.debug.xcconfig"; path = "Target Support Files/Pods-Parstagram/Pods-Parstagram.debug.xcconfig"; sourceTree = "<group>"; };
		F1E9D21CBE70908FB211CB89 /* Pods-Parstagram-ParstagramUITests.debug.xcconfig */ = {isa = PBXFileReference; includeInIndex = 1; lastKnownFileType = text.xcconfig; name = "Pods-Parstagram-ParstagramUITests.debug.xcconfig"; path = "Target Support Files/Pods-Parstagram-ParstagramUITests/Pods-Parstagram-ParstagramUITests.debug.xcconfig"; sourceTree = "<group>"; };
/* End PBXFileReference section */

/* Begin PBXFrameworksBuildPhase section */
		A5775BE526054AA200BE5451 /* Frameworks */ = {
			isa = PBXFrameworksBuildPhase;
			buildActionMask = 2147483647;
			files = (
				87FCA21944D26A2C509B96D3 /* Pods_Parstagram.framework in Frameworks */,
			);
			runOnlyForDeploymentPostprocessing = 0;
		};
		A5775BFB26054AA400BE5451 /* Frameworks */ = {
			isa = PBXFrameworksBuildPhase;
			buildActionMask = 2147483647;
			files = (
				75455B37F6B0B1C4AE74E92B /* Pods_ParstagramTests.framework in Frameworks */,
			);
			runOnlyForDeploymentPostprocessing = 0;
		};
		A5775C0626054AA400BE5451 /* Frameworks */ = {
			isa = PBXFrameworksBuildPhase;
			buildActionMask = 2147483647;
			files = (
				527A77E8902D75EFCC882A0D /* Pods_Parstagram_ParstagramUITests.framework in Frameworks */,
			);
			runOnlyForDeploymentPostprocessing = 0;
		};
/* End PBXFrameworksBuildPhase section */

/* Begin PBXGroup section */
		2352EA94B90B990637C0EF9D /* Pods */ = {
			isa = PBXGroup;
			children = (
				E6960A248F3AEFE271CE2ABF /* Pods-Parstagram.debug.xcconfig */,
				1DE30C61414F05EA9079518F /* Pods-Parstagram.release.xcconfig */,
				F1E9D21CBE70908FB211CB89 /* Pods-Parstagram-ParstagramUITests.debug.xcconfig */,
				8F992CA35370AD8FE22DA35A /* Pods-Parstagram-ParstagramUITests.release.xcconfig */,
				ABF2AB8495C6CBE55658DD55 /* Pods-ParstagramTests.debug.xcconfig */,
				15B3724BBA2FB9CD34CFF3D3 /* Pods-ParstagramTests.release.xcconfig */,
			);
			path = Pods;
			sourceTree = "<group>";
		};
		A5775BDF26054AA200BE5451 = {
			isa = PBXGroup;
			children = (
				A5775BEA26054AA200BE5451 /* Parstagram */,
				A5775C0126054AA400BE5451 /* ParstagramTests */,
				A5775C0C26054AA400BE5451 /* ParstagramUITests */,
				A5775BE926054AA200BE5451 /* Products */,
				2352EA94B90B990637C0EF9D /* Pods */,
				CC9DDCD1CE6D6F15061B5F70 /* Frameworks */,
			);
			sourceTree = "<group>";
		};
		A5775BE926054AA200BE5451 /* Products */ = {
			isa = PBXGroup;
			children = (
				A5775BE826054AA200BE5451 /* Parstagram.app */,
				A5775BFE26054AA400BE5451 /* ParstagramTests.xctest */,
				A5775C0926054AA400BE5451 /* ParstagramUITests.xctest */,
			);
			name = Products;
			sourceTree = "<group>";
		};
		A5775BEA26054AA200BE5451 /* Parstagram */ = {
			isa = PBXGroup;
			children = (
				A5775BEB26054AA200BE5451 /* AppDelegate.swift */,
				A5775BED26054AA200BE5451 /* SceneDelegate.swift */,
				A5775BF126054AA200BE5451 /* Main.storyboard */,
				A5775BF426054AA400BE5451 /* Assets.xcassets */,
				A5775BF626054AA400BE5451 /* LaunchScreen.storyboard */,
				A5775BF926054AA400BE5451 /* Info.plist */,
				A5557BDC26055E78008F9504 /* LoginViewController.swift */,
				A5557BE126055E85008F9504 /* FeedViewController.swift */,
				A5557BE62605659B008F9504 /* CameraViewController.swift */,
				A55DBE7D2605742400E254F2 /* PostCell.swift */,
				A572F680260F86D5009CEFD0 /* CommentCell.swift */,
			);
			path = Parstagram;
			sourceTree = "<group>";
		};
		A5775C0126054AA400BE5451 /* ParstagramTests */ = {
			isa = PBXGroup;
			children = (
				A5775C0226054AA400BE5451 /* ParstagramTests.swift */,
				A5775C0426054AA400BE5451 /* Info.plist */,
			);
			path = ParstagramTests;
			sourceTree = "<group>";
		};
		A5775C0C26054AA400BE5451 /* ParstagramUITests */ = {
			isa = PBXGroup;
			children = (
				A5775C0D26054AA400BE5451 /* ParstagramUITests.swift */,
				A5775C0F26054AA400BE5451 /* Info.plist */,
			);
			path = ParstagramUITests;
			sourceTree = "<group>";
		};
		CC9DDCD1CE6D6F15061B5F70 /* Frameworks */ = {
			isa = PBXGroup;
			children = (
				5C94C5A5B568C9C0DF06284C /* Pods_Parstagram.framework */,
				6B42AFB0F4155F4EFB7DE8AD /* Pods_Parstagram_ParstagramUITests.framework */,
				B91FE8B612382DDAC79A677F /* Pods_ParstagramTests.framework */,
			);
			name = Frameworks;
			sourceTree = "<group>";
		};
/* End PBXGroup section */

/* Begin PBXNativeTarget section */
		A5775BE726054AA200BE5451 /* Parstagram */ = {
			isa = PBXNativeTarget;
			buildConfigurationList = A5775C1226054AA400BE5451 /* Build configuration list for PBXNativeTarget "Parstagram" */;
			buildPhases = (
				D9BAC1F4E925C1B028D764DB /* [CP] Check Pods Manifest.lock */,
				A5775BE426054AA200BE5451 /* Sources */,
				A5775BE526054AA200BE5451 /* Frameworks */,
				A5775BE626054AA200BE5451 /* Resources */,
				748DE4A04E5FB2910457C024 /* [CP] Embed Pods Frameworks */,
			);
			buildRules = (
			);
			dependencies = (
			);
			name = Parstagram;
			productName = Parstagram;
			productReference = A5775BE826054AA200BE5451 /* Parstagram.app */;
			productType = "com.apple.product-type.application";
		};
		A5775BFD26054AA400BE5451 /* ParstagramTests */ = {
			isa = PBXNativeTarget;
			buildConfigurationList = A5775C1526054AA400BE5451 /* Build configuration list for PBXNativeTarget "ParstagramTests" */;
			buildPhases = (
				9DB60AA9C7510011F6E65A54 /* [CP] Check Pods Manifest.lock */,
				A5775BFA26054AA400BE5451 /* Sources */,
				A5775BFB26054AA400BE5451 /* Frameworks */,
				A5775BFC26054AA400BE5451 /* Resources */,
			);
			buildRules = (
			);
			dependencies = (
				A5775C0026054AA400BE5451 /* PBXTargetDependency */,
			);
			name = ParstagramTests;
			productName = ParstagramTests;
			productReference = A5775BFE26054AA400BE5451 /* ParstagramTests.xctest */;
			productType = "com.apple.product-type.bundle.unit-test";
		};
		A5775C0826054AA400BE5451 /* ParstagramUITests */ = {
			isa = PBXNativeTarget;
			buildConfigurationList = A5775C1826054AA400BE5451 /* Build configuration list for PBXNativeTarget "ParstagramUITests" */;
			buildPhases = (
				BD11B5DC15C4D378B1B6E15E /* [CP] Check Pods Manifest.lock */,
				A5775C0526054AA400BE5451 /* Sources */,
				A5775C0626054AA400BE5451 /* Frameworks */,
				A5775C0726054AA400BE5451 /* Resources */,
				B1F6951488D727169D690437 /* [CP] Embed Pods Frameworks */,
			);
			buildRules = (
			);
			dependencies = (
				A5775C0B26054AA400BE5451 /* PBXTargetDependency */,
			);
			name = ParstagramUITests;
			productName = ParstagramUITests;
			productReference = A5775C0926054AA400BE5451 /* ParstagramUITests.xctest */;
			productType = "com.apple.product-type.bundle.ui-testing";
		};
/* End PBXNativeTarget section */

/* Begin PBXProject section */
		A5775BE026054AA200BE5451 /* Project object */ = {
			isa = PBXProject;
			attributes = {
				LastSwiftUpdateCheck = 1240;
				LastUpgradeCheck = 1240;
				TargetAttributes = {
					A5775BE726054AA200BE5451 = {
						CreatedOnToolsVersion = 12.4;
					};
					A5775BFD26054AA400BE5451 = {
						CreatedOnToolsVersion = 12.4;
						TestTargetID = A5775BE726054AA200BE5451;
					};
					A5775C0826054AA400BE5451 = {
						CreatedOnToolsVersion = 12.4;
						TestTargetID = A5775BE726054AA200BE5451;
					};
				};
			};
			buildConfigurationList = A5775BE326054AA200BE5451 /* Build configuration list for PBXProject "Parstagram" */;
			compatibilityVersion = "Xcode 9.3";
			developmentRegion = en;
			hasScannedForEncodings = 0;
			knownRegions = (
				en,
				Base,
			);
			mainGroup = A5775BDF26054AA200BE5451;
			productRefGroup = A5775BE926054AA200BE5451 /* Products */;
			projectDirPath = "";
			projectRoot = "";
			targets = (
				A5775BE726054AA200BE5451 /* Parstagram */,
				A5775BFD26054AA400BE5451 /* ParstagramTests */,
				A5775C0826054AA400BE5451 /* ParstagramUITests */,
			);
		};
/* End PBXProject section */

/* Begin PBXResourcesBuildPhase section */
		A5775BE626054AA200BE5451 /* Resources */ = {
			isa = PBXResourcesBuildPhase;
			buildActionMask = 2147483647;
			files = (
				A5775BF826054AA400BE5451 /* LaunchScreen.storyboard in Resources */,
				A5775BF526054AA400BE5451 /* Assets.xcassets in Resources */,
				A5775BF326054AA200BE5451 /* Main.storyboard in Resources */,
			);
			runOnlyForDeploymentPostprocessing = 0;
		};
		A5775BFC26054AA400BE5451 /* Resources */ = {
			isa = PBXResourcesBuildPhase;
			buildActionMask = 2147483647;
			files = (
			);
			runOnlyForDeploymentPostprocessing = 0;
		};
		A5775C0726054AA400BE5451 /* Resources */ = {
			isa = PBXResourcesBuildPhase;
			buildActionMask = 2147483647;
			files = (
			);
			runOnlyForDeploymentPostprocessing = 0;
		};
/* End PBXResourcesBuildPhase section */

/* Begin PBXShellScriptBuildPhase section */
		748DE4A04E5FB2910457C024 /* [CP] Embed Pods Frameworks */ = {
			isa = PBXShellScriptBuildPhase;
			buildActionMask = 2147483647;
			files = (
			);
			inputFileListPaths = (
				"${PODS_ROOT}/Target Support Files/Pods-Parstagram/Pods-Parstagram-frameworks-${CONFIGURATION}-input-files.xcfilelist",
			);
			name = "[CP] Embed Pods Frameworks";
			outputFileListPaths = (
				"${PODS_ROOT}/Target Support Files/Pods-Parstagram/Pods-Parstagram-frameworks-${CONFIGURATION}-output-files.xcfilelist",
			);
			runOnlyForDeploymentPostprocessing = 0;
			shellPath = /bin/sh;
			shellScript = "\"${PODS_ROOT}/Target Support Files/Pods-Parstagram/Pods-Parstagram-frameworks.sh\"\n";
			showEnvVarsInLog = 0;
		};
		9DB60AA9C7510011F6E65A54 /* [CP] Check Pods Manifest.lock */ = {
			isa = PBXShellScriptBuildPhase;
			buildActionMask = 2147483647;
			files = (
			);
			inputFileListPaths = (
			);
			inputPaths = (
				"${PODS_PODFILE_DIR_PATH}/Podfile.lock",
				"${PODS_ROOT}/Manifest.lock",
			);
			name = "[CP] Check Pods Manifest.lock";
			outputFileListPaths = (
			);
			outputPaths = (
				"$(DERIVED_FILE_DIR)/Pods-ParstagramTests-checkManifestLockResult.txt",
			);
			runOnlyForDeploymentPostprocessing = 0;
			shellPath = /bin/sh;
			shellScript = "diff \"${PODS_PODFILE_DIR_PATH}/Podfile.lock\" \"${PODS_ROOT}/Manifest.lock\" > /dev/null\nif [ $? != 0 ] ; then\n    # print error to STDERR\n    echo \"error: The sandbox is not in sync with the Podfile.lock. Run 'pod install' or update your CocoaPods installation.\" >&2\n    exit 1\nfi\n# This output is used by Xcode 'outputs' to avoid re-running this script phase.\necho \"SUCCESS\" > \"${SCRIPT_OUTPUT_FILE_0}\"\n";
			showEnvVarsInLog = 0;
		};
		B1F6951488D727169D690437 /* [CP] Embed Pods Frameworks */ = {
			isa = PBXShellScriptBuildPhase;
			buildActionMask = 2147483647;
			files = (
			);
			inputFileListPaths = (
				"${PODS_ROOT}/Target Support Files/Pods-Parstagram-ParstagramUITests/Pods-Parstagram-ParstagramUITests-frameworks-${CONFIGURATION}-input-files.xcfilelist",
			);
			name = "[CP] Embed Pods Frameworks";
			outputFileListPaths = (
				"${PODS_ROOT}/Target Support Files/Pods-Parstagram-ParstagramUITests/Pods-Parstagram-ParstagramUITests-frameworks-${CONFIGURATION}-output-files.xcfilelist",
			);
			runOnlyForDeploymentPostprocessing = 0;
			shellPath = /bin/sh;
			shellScript = "\"${PODS_ROOT}/Target Support Files/Pods-Parstagram-ParstagramUITests/Pods-Parstagram-ParstagramUITests-frameworks.sh\"\n";
			showEnvVarsInLog = 0;
		};
		BD11B5DC15C4D378B1B6E15E /* [CP] Check Pods Manifest.lock */ = {
			isa = PBXShellScriptBuildPhase;
			buildActionMask = 2147483647;
			files = (
			);
			inputFileListPaths = (
			);
			inputPaths = (
				"${PODS_PODFILE_DIR_PATH}/Podfile.lock",
				"${PODS_ROOT}/Manifest.lock",
			);
			name = "[CP] Check Pods Manifest.lock";
			outputFileListPaths = (
			);
			outputPaths = (
				"$(DERIVED_FILE_DIR)/Pods-Parstagram-ParstagramUITests-checkManifestLockResult.txt",
			);
			runOnlyForDeploymentPostprocessing = 0;
			shellPath = /bin/sh;
			shellScript = "diff \"${PODS_PODFILE_DIR_PATH}/Podfile.lock\" \"${PODS_ROOT}/Manifest.lock\" > /dev/null\nif [ $? != 0 ] ; then\n    # print error to STDERR\n    echo \"error: The sandbox is not in sync with the Podfile.lock. Run 'pod install' or update your CocoaPods installation.\" >&2\n    exit 1\nfi\n# This output is used by Xcode 'outputs' to avoid re-running this script phase.\necho \"SUCCESS\" > \"${SCRIPT_OUTPUT_FILE_0}\"\n";
			showEnvVarsInLog = 0;
		};
		D9BAC1F4E925C1B028D764DB /* [CP] Check Pods Manifest.lock */ = {
			isa = PBXShellScriptBuildPhase;
			buildActionMask = 2147483647;
			files = (
			);
			inputFileListPaths = (
			);
			inputPaths = (
				"${PODS_PODFILE_DIR_PATH}/Podfile.lock",
				"${PODS_ROOT}/Manifest.lock",
			);
			name = "[CP] Check Pods Manifest.lock";
			outputFileListPaths = (
			);
			outputPaths = (
				"$(DERIVED_FILE_DIR)/Pods-Parstagram-checkManifestLockResult.txt",
			);
			runOnlyForDeploymentPostprocessing = 0;
			shellPath = /bin/sh;
			shellScript = "diff \"${PODS_PODFILE_DIR_PATH}/Podfile.lock\" \"${PODS_ROOT}/Manifest.lock\" > /dev/null\nif [ $? != 0 ] ; then\n    # print error to STDERR\n    echo \"error: The sandbox is not in sync with the Podfile.lock. Run 'pod install' or update your CocoaPods installation.\" >&2\n    exit 1\nfi\n# This output is used by Xcode 'outputs' to avoid re-running this script phase.\necho \"SUCCESS\" > \"${SCRIPT_OUTPUT_FILE_0}\"\n";
			showEnvVarsInLog = 0;
		};
/* End PBXShellScriptBuildPhase section */

/* Begin PBXSourcesBuildPhase section */
		A5775BE426054AA200BE5451 /* Sources */ = {
			isa = PBXSourcesBuildPhase;
			buildActionMask = 2147483647;
			files = (
				A5557BDD26055E78008F9504 /* LoginViewController.swift in Sources */,
				A5557BE72605659B008F9504 /* CameraViewController.swift in Sources */,
				A5775BEC26054AA200BE5451 /* AppDelegate.swift in Sources */,
				A5557BE226055E85008F9504 /* FeedViewController.swift in Sources */,
				A5775BEE26054AA200BE5451 /* SceneDelegate.swift in Sources */,
				A55DBE7E2605742400E254F2 /* PostCell.swift in Sources */,
				A572F681260F86D5009CEFD0 /* CommentCell.swift in Sources */,
			);
			runOnlyForDeploymentPostprocessing = 0;
		};
		A5775BFA26054AA400BE5451 /* Sources */ = {
			isa = PBXSourcesBuildPhase;
			buildActionMask = 2147483647;
			files = (
				A5775C0326054AA400BE5451 /* ParstagramTests.swift in Sources */,
			);
			runOnlyForDeploymentPostprocessing = 0;
		};
		A5775C0526054AA400BE5451 /* Sources */ = {
			isa = PBXSourcesBuildPhase;
			buildActionMask = 2147483647;
			files = (
				A5775C0E26054AA400BE5451 /* ParstagramUITests.swift in Sources */,
			);
			runOnlyForDeploymentPostprocessing = 0;
		};
/* End PBXSourcesBuildPhase section */

/* Begin PBXTargetDependency section */
		A5775C0026054AA400BE5451 /* PBXTargetDependency */ = {
			isa = PBXTargetDependency;
			target = A5775BE726054AA200BE5451 /* Parstagram */;
			targetProxy = A5775BFF26054AA400BE5451 /* PBXContainerItemProxy */;
		};
		A5775C0B26054AA400BE5451 /* PBXTargetDependency */ = {
			isa = PBXTargetDependency;
			target = A5775BE726054AA200BE5451 /* Parstagram */;
			targetProxy = A5775C0A26054AA400BE5451 /* PBXContainerItemProxy */;
		};
/* End PBXTargetDependency section */

/* Begin PBXVariantGroup section */
		A5775BF126054AA200BE5451 /* Main.storyboard */ = {
			isa = PBXVariantGroup;
			children = (
				A5775BF226054AA200BE5451 /* Base */,
			);
			name = Main.storyboard;
			sourceTree = "<group>";
		};
		A5775BF626054AA400BE5451 /* LaunchScreen.storyboard */ = {
			isa = PBXVariantGroup;
			children = (
				A5775BF726054AA400BE5451 /* Base */,
			);
			name = LaunchScreen.storyboard;
			sourceTree = "<group>";
		};
/* End PBXVariantGroup section */

/* Begin XCBuildConfiguration section */
		A5775C1026054AA400BE5451 /* Debug */ = {
			isa = XCBuildConfiguration;
			buildSettings = {
				ALWAYS_SEARCH_USER_PATHS = NO;
				CLANG_ANALYZER_NONNULL = YES;
				CLANG_ANALYZER_NUMBER_OBJECT_CONVERSION = YES_AGGRESSIVE;
				CLANG_CXX_LANGUAGE_STANDARD = "gnu++14";
				CLANG_CXX_LIBRARY = "libc++";
				CLANG_ENABLE_MODULES = YES;
				CLANG_ENABLE_OBJC_ARC = YES;
				CLANG_ENABLE_OBJC_WEAK = YES;
				CLANG_WARN_BLOCK_CAPTURE_AUTORELEASING = YES;
				CLANG_WARN_BOOL_CONVERSION = YES;
				CLANG_WARN_COMMA = YES;
				CLANG_WARN_CONSTANT_CONVERSION = YES;
				CLANG_WARN_DEPRECATED_OBJC_IMPLEMENTATIONS = YES;
				CLANG_WARN_DIRECT_OBJC_ISA_USAGE = YES_ERROR;
				CLANG_WARN_DOCUMENTATION_COMMENTS = YES;
				CLANG_WARN_EMPTY_BODY = YES;
				CLANG_WARN_ENUM_CONVERSION = YES;
				CLANG_WARN_INFINITE_RECURSION = YES;
				CLANG_WARN_INT_CONVERSION = YES;
				CLANG_WARN_NON_LITERAL_NULL_CONVERSION = YES;
				CLANG_WARN_OBJC_IMPLICIT_RETAIN_SELF = YES;
				CLANG_WARN_OBJC_LITERAL_CONVERSION = YES;
				CLANG_WARN_OBJC_ROOT_CLASS = YES_ERROR;
				CLANG_WARN_QUOTED_INCLUDE_IN_FRAMEWORK_HEADER = YES;
				CLANG_WARN_RANGE_LOOP_ANALYSIS = YES;
				CLANG_WARN_STRICT_PROTOTYPES = YES;
				CLANG_WARN_SUSPICIOUS_MOVE = YES;
				CLANG_WARN_UNGUARDED_AVAILABILITY = YES_AGGRESSIVE;
				CLANG_WARN_UNREACHABLE_CODE = YES;
				CLANG_WARN__DUPLICATE_METHOD_MATCH = YES;
				COPY_PHASE_STRIP = NO;
				DEBUG_INFORMATION_FORMAT = dwarf;
				ENABLE_STRICT_OBJC_MSGSEND = YES;
				ENABLE_TESTABILITY = YES;
				GCC_C_LANGUAGE_STANDARD = gnu11;
				GCC_DYNAMIC_NO_PIC = NO;
				GCC_NO_COMMON_BLOCKS = YES;
				GCC_OPTIMIZATION_LEVEL = 0;
				GCC_PREPROCESSOR_DEFINITIONS = (
					"DEBUG=1",
					"$(inherited)",
				);
				GCC_WARN_64_TO_32_BIT_CONVERSION = YES;
				GCC_WARN_ABOUT_RETURN_TYPE = YES_ERROR;
				GCC_WARN_UNDECLARED_SELECTOR = YES;
				GCC_WARN_UNINITIALIZED_AUTOS = YES_AGGRESSIVE;
				GCC_WARN_UNUSED_FUNCTION = YES;
				GCC_WARN_UNUSED_VARIABLE = YES;
				IPHONEOS_DEPLOYMENT_TARGET = 14.4;
				MTL_ENABLE_DEBUG_INFO = INCLUDE_SOURCE;
				MTL_FAST_MATH = YES;
				ONLY_ACTIVE_ARCH = YES;
				SDKROOT = iphoneos;
				SWIFT_ACTIVE_COMPILATION_CONDITIONS = DEBUG;
				SWIFT_OPTIMIZATION_LEVEL = "-Onone";
			};
			name = Debug;
		};
		A5775C1126054AA400BE5451 /* Release */ = {
			isa = XCBuildConfiguration;
			buildSettings = {
				ALWAYS_SEARCH_USER_PATHS = NO;
				CLANG_ANALYZER_NONNULL = YES;
				CLANG_ANALYZER_NUMBER_OBJECT_CONVERSION = YES_AGGRESSIVE;
				CLANG_CXX_LANGUAGE_STANDARD = "gnu++14";
				CLANG_CXX_LIBRARY = "libc++";
				CLANG_ENABLE_MODULES = YES;
				CLANG_ENABLE_OBJC_ARC = YES;
				CLANG_ENABLE_OBJC_WEAK = YES;
				CLANG_WARN_BLOCK_CAPTURE_AUTORELEASING = YES;
				CLANG_WARN_BOOL_CONVERSION = YES;
				CLANG_WARN_COMMA = YES;
				CLANG_WARN_CONSTANT_CONVERSION = YES;
				CLANG_WARN_DEPRECATED_OBJC_IMPLEMENTATIONS = YES;
				CLANG_WARN_DIRECT_OBJC_ISA_USAGE = YES_ERROR;
				CLANG_WARN_DOCUMENTATION_COMMENTS = YES;
				CLANG_WARN_EMPTY_BODY = YES;
				CLANG_WARN_ENUM_CONVERSION = YES;
				CLANG_WARN_INFINITE_RECURSION = YES;
				CLANG_WARN_INT_CONVERSION = YES;
				CLANG_WARN_NON_LITERAL_NULL_CONVERSION = YES;
				CLANG_WARN_OBJC_IMPLICIT_RETAIN_SELF = YES;
				CLANG_WARN_OBJC_LITERAL_CONVERSION = YES;
				CLANG_WARN_OBJC_ROOT_CLASS = YES_ERROR;
				CLANG_WARN_QUOTED_INCLUDE_IN_FRAMEWORK_HEADER = YES;
				CLANG_WARN_RANGE_LOOP_ANALYSIS = YES;
				CLANG_WARN_STRICT_PROTOTYPES = YES;
				CLANG_WARN_SUSPICIOUS_MOVE = YES;
				CLANG_WARN_UNGUARDED_AVAILABILITY = YES_AGGRESSIVE;
				CLANG_WARN_UNREACHABLE_CODE = YES;
				CLANG_WARN__DUPLICATE_METHOD_MATCH = YES;
				COPY_PHASE_STRIP = NO;
				DEBUG_INFORMATION_FORMAT = "dwarf-with-dsym";
				ENABLE_NS_ASSERTIONS = NO;
				ENABLE_STRICT_OBJC_MSGSEND = YES;
				GCC_C_LANGUAGE_STANDARD = gnu11;
				GCC_NO_COMMON_BLOCKS = YES;
				GCC_WARN_64_TO_32_BIT_CONVERSION = YES;
				GCC_WARN_ABOUT_RETURN_TYPE = YES_ERROR;
				GCC_WARN_UNDECLARED_SELECTOR = YES;
				GCC_WARN_UNINITIALIZED_AUTOS = YES_AGGRESSIVE;
				GCC_WARN_UNUSED_FUNCTION = YES;
				GCC_WARN_UNUSED_VARIABLE = YES;
				IPHONEOS_DEPLOYMENT_TARGET = 14.4;
				MTL_ENABLE_DEBUG_INFO = NO;
				MTL_FAST_MATH = YES;
				SDKROOT = iphoneos;
				SWIFT_COMPILATION_MODE = wholemodule;
				SWIFT_OPTIMIZATION_LEVEL = "-O";
				VALIDATE_PRODUCT = YES;
			};
			name = Release;
		};
		A5775C1326054AA400BE5451 /* Debug */ = {
			isa = XCBuildConfiguration;
			baseConfigurationReference = E6960A248F3AEFE271CE2ABF /* Pods-Parstagram.debug.xcconfig */;
			buildSettings = {
				ASSETCATALOG_COMPILER_APPICON_NAME = AppIcon;
				ASSETCATALOG_COMPILER_GLOBAL_ACCENT_COLOR_NAME = AccentColor;
				CODE_SIGN_STYLE = Automatic;
				DEVELOPMENT_TEAM = MM59472648;
				INFOPLIST_FILE = Parstagram/Info.plist;
				LD_RUNPATH_SEARCH_PATHS = (
					"$(inherited)",
					"@executable_path/Frameworks",
				);
				PRODUCT_BUNDLE_IDENTIFIER = com.codepath.Parstagram;
				PRODUCT_NAME = "$(TARGET_NAME)";
				SWIFT_VERSION = 5.0;
				TARGETED_DEVICE_FAMILY = "1,2";
			};
			name = Debug;
		};
		A5775C1426054AA400BE5451 /* Release */ = {
			isa = XCBuildConfiguration;
			baseConfigurationReference = 1DE30C61414F05EA9079518F /* Pods-Parstagram.release.xcconfig */;
			buildSettings = {
				ASSETCATALOG_COMPILER_APPICON_NAME = AppIcon;
				ASSETCATALOG_COMPILER_GLOBAL_ACCENT_COLOR_NAME = AccentColor;
				CODE_SIGN_STYLE = Automatic;
				DEVELOPMENT_TEAM = MM59472648;
				INFOPLIST_FILE = Parstagram/Info.plist;
				LD_RUNPATH_SEARCH_PATHS = (
					"$(inherited)",
					"@executable_path/Frameworks",
				);
				PRODUCT_BUNDLE_IDENTIFIER = com.codepath.Parstagram;
				PRODUCT_NAME = "$(TARGET_NAME)";
				SWIFT_VERSION = 5.0;
				TARGETED_DEVICE_FAMILY = "1,2";
			};
			name = Release;
		};
		A5775C1626054AA400BE5451 /* Debug */ = {
			isa = XCBuildConfiguration;
			baseConfigurationReference = ABF2AB8495C6CBE55658DD55 /* Pods-ParstagramTests.debug.xcconfig */;
			buildSettings = {
				ALWAYS_EMBED_SWIFT_STANDARD_LIBRARIES = YES;
				BUNDLE_LOADER = "$(TEST_HOST)";
				CODE_SIGN_STYLE = Automatic;
				INFOPLIST_FILE = ParstagramTests/Info.plist;
				IPHONEOS_DEPLOYMENT_TARGET = 14.4;
				LD_RUNPATH_SEARCH_PATHS = (
					"$(inherited)",
					"@executable_path/Frameworks",
					"@loader_path/Frameworks",
				);
				PRODUCT_BUNDLE_IDENTIFIER = com.codepath.ParstagramTests;
				PRODUCT_NAME = "$(TARGET_NAME)";
				SWIFT_VERSION = 5.0;
				TARGETED_DEVICE_FAMILY = "1,2";
				TEST_HOST = "$(BUILT_PRODUCTS_DIR)/Parstagram.app/Parstagram";
			};
			name = Debug;
		};
		A5775C1726054AA400BE5451 /* Release */ = {
			isa = XCBuildConfiguration;
			baseConfigurationReference = 15B3724BBA2FB9CD34CFF3D3 /* Pods-ParstagramTests.release.xcconfig */;
			buildSettings = {
				ALWAYS_EMBED_SWIFT_STANDARD_LIBRARIES = YES;
				BUNDLE_LOADER = "$(TEST_HOST)";
				CODE_SIGN_STYLE = Automatic;
				INFOPLIST_FILE = ParstagramTests/Info.plist;
				IPHONEOS_DEPLOYMENT_TARGET = 14.4;
				LD_RUNPATH_SEARCH_PATHS = (
					"$(inherited)",
					"@executable_path/Frameworks",
					"@loader_path/Frameworks",
				);
				PRODUCT_BUNDLE_IDENTIFIER = com.codepath.ParstagramTests;
				PRODUCT_NAME = "$(TARGET_NAME)";
				SWIFT_VERSION = 5.0;
				TARGETED_DEVICE_FAMILY = "1,2";
				TEST_HOST = "$(BUILT_PRODUCTS_DIR)/Parstagram.app/Parstagram";
			};
			name = Release;
		};
		A5775C1926054AA400BE5451 /* Debug */ = {
			isa = XCBuildConfiguration;
			baseConfigurationReference = F1E9D21CBE70908FB211CB89 /* Pods-Parstagram-ParstagramUITests.debug.xcconfig */;
			buildSettings = {
				ALWAYS_EMBED_SWIFT_STANDARD_LIBRARIES = YES;
				CODE_SIGN_STYLE = Automatic;
				INFOPLIST_FILE = ParstagramUITests/Info.plist;
				LD_RUNPATH_SEARCH_PATHS = (
					"$(inherited)",
					"@executable_path/Frameworks",
					"@loader_path/Frameworks",
				);
				PRODUCT_BUNDLE_IDENTIFIER = com.codepath.ParstagramUITests;
				PRODUCT_NAME = "$(TARGET_NAME)";
				SWIFT_VERSION = 5.0;
				TARGETED_DEVICE_FAMILY = "1,2";
				TEST_TARGET_NAME = Parstagram;
			};
			name = Debug;
		};
		A5775C1A26054AA400BE5451 /* Release */ = {
			isa = XCBuildConfiguration;
			baseConfigurationReference = 8F992CA35370AD8FE22DA35A /* Pods-Parstagram-ParstagramUITests.release.xcconfig */;
			buildSettings = {
				ALWAYS_EMBED_SWIFT_STANDARD_LIBRARIES = YES;
				CODE_SIGN_STYLE = Automatic;
				INFOPLIST_FILE = ParstagramUITests/Info.plist;
				LD_RUNPATH_SEARCH_PATHS = (
					"$(inherited)",
					"@executable_path/Frameworks",
					"@loader_path/Frameworks",
				);
				PRODUCT_BUNDLE_IDENTIFIER = com.codepath.ParstagramUITests;
				PRODUCT_NAME = "$(TARGET_NAME)";
				SWIFT_VERSION = 5.0;
				TARGETED_DEVICE_FAMILY = "1,2";
				TEST_TARGET_NAME = Parstagram;
			};
			name = Release;
		};
/* End XCBuildConfiguration section */

/* Begin XCConfigurationList section */
		A5775BE326054AA200BE5451 /* Build configuration list for PBXProject "Parstagram" */ = {
			isa = XCConfigurationList;
			buildConfigurations = (
				A5775C1026054AA400BE5451 /* Debug */,
				A5775C1126054AA400BE5451 /* Release */,
			);
			defaultConfigurationIsVisible = 0;
			defaultConfigurationName = Release;
		};
		A5775C1226054AA400BE5451 /* Build configuration list for PBXNativeTarget "Parstagram" */ = {
			isa = XCConfigurationList;
			buildConfigurations = (
				A5775C1326054AA400BE5451 /* Debug */,
				A5775C1426054AA400BE5451 /* Release */,
			);
			defaultConfigurationIsVisible = 0;
			defaultConfigurationName = Release;
		};
		A5775C1526054AA400BE5451 /* Build configuration list for PBXNativeTarget "ParstagramTests" */ = {
			isa = XCConfigurationList;
			buildConfigurations = (
				A5775C1626054AA400BE5451 /* Debug */,
				A5775C1726054AA400BE5451 /* Release */,
			);
			defaultConfigurationIsVisible = 0;
			defaultConfigurationName = Release;
		};
		A5775C1826054AA400BE5451 /* Build configuration list for PBXNativeTarget "ParstagramUITests" */ = {
			isa = XCConfigurationList;
			buildConfigurations = (
				A5775C1926054AA400BE5451 /* Debug */,
				A5775C1A26054AA400BE5451 /* Release */,
			);
			defaultConfigurationIsVisible = 0;
			defaultConfigurationName = Release;
		};
/* End XCConfigurationList section */
	};
	rootObject = A5775BE026054AA200BE5451 /* Project object */;
}
